{
  "nodes": {
    "citron-src": {
      "flake": false,
      "locked": {
        "lastModified": 1765093597,
        "narHash": "sha256-l0AXgAp+K1IoU8vaxm+YStZm8+ebHW/25EQJv7HjZrQ=",
        "ref": "refs/heads/main",
        "rev": "7b532d8ec74a2682e0df6e2dc7233f2bf96001f0",
        "revCount": 27745,
        "submodules": true,
        "type": "git",
        "url": "https://git.citron-emu.org/Citron/Emulator.git"
      },
      "original": {
        "submodules": true,
        "type": "git",
        "url": "https://git.citron-emu.org/Citron/Emulator.git"
      }
    },
    "nixpkgs": {
      "locked": {
        "lastModified": 1764950072,
        "narHash": "sha256-BmPWzogsG2GsXZtlT+MTcAWeDK5hkbGRZTeZNW42fwA=",
        "owner": "NixOS",
        "repo": "nixpkgs",
        "rev": "f61125a668a320878494449750330ca58b78c557",
        "type": "github"
      },
      "original": {
        "owner": "NixOS",
        "ref": "nixos-unstable",
        "repo": "nixpkgs",
        "type": "github"
      }
    },
    "nx-tzdb": {
      "flake": false,
      "locked": {
        "lastModified": 1697056572,
        "narHash": "sha256-YOIElcKTiclem05trZsA3YJReozu/ex7jJAKD6nAMwc=",
        "type": "tarball",
        "url": "https://github.com/lat9nq/tzdb_to_nx/releases/download/221202/221202.zip"
      },
      "original": {
        "type": "tarball",
        "url": "https://github.com/lat9nq/tzdb_to_nx/releases/download/221202/221202.zip"
      }
    },
    "root": {
      "inputs": {
        "citron-src": "citron-src",
        "nixpkgs": "nixpkgs",
        "nx-tzdb": "nx-tzdb"
      }
    }
  },
  "root": "root",
  "version": 7
}
