{
  "nodes": {
    "citron-src": {
      "flake": false,
      "locked": {
        "lastModified": 1770108277,
        "narHash": "sha256-z5I24jC9jY7C9fKBVagkk4LXg7671JqqrRc0RclOGV4=",
        "ref": "refs/heads/main",
        "rev": "c788400b7ce2beb617fe95fc41ebbf8e616bf1cb",
        "revCount": 28127,
        "submodules": true,
        "type": "git",
        "url": "https://git.citron-emu.org/Citron/Emulator.git"
      },
      "original": {
        "submodules": true,
        "type": "git",
        "url": "https://git.citron-emu.org/Citron/Emulator.git"
      }
    },
    "nixpkgs": {
      "locked": {
        "lastModified": 1770115704,
        "narHash": "sha256-KHFT9UWOF2yRPlAnSXQJh6uVcgNcWlFqqiAZ7OVlHNc=",
        "owner": "NixOS",
        "repo": "nixpkgs",
        "rev": "e6eae2ee2110f3d31110d5c222cd395303343b08",
        "type": "github"
      },
      "original": {
        "owner": "NixOS",
        "ref": "nixos-unstable",
        "repo": "nixpkgs",
        "type": "github"
      }
    },
    "nx-tzdb": {
      "flake": false,
      "locked": {
        "lastModified": 1697056572,
        "narHash": "sha256-YOIElcKTiclem05trZsA3YJReozu/ex7jJAKD6nAMwc=",
        "type": "tarball",
        "url": "https://github.com/lat9nq/tzdb_to_nx/releases/download/221202/221202.zip"
      },
      "original": {
        "type": "tarball",
        "url": "https://github.com/lat9nq/tzdb_to_nx/releases/download/221202/221202.zip"
      }
    },
    "root": {
      "inputs": {
        "citron-src": "citron-src",
        "nixpkgs": "nixpkgs",
        "nx-tzdb": "nx-tzdb"
      }
    }
  },
  "root": "root",
  "version": 7
}
