{
  "nodes": {
    "citron-src": {
      "flake": false,
      "locked": {
        "lastModified": 1767164285,
        "narHash": "sha256-J8DJZL8RGK7grTH9J7kvEZsWbCp51yAa/Ci5jFraLn8=",
        "ref": "refs/heads/main",
        "rev": "d8c1cad24547b955490b181216550d6e2bf84ec4",
        "revCount": 27900,
        "submodules": true,
        "type": "git",
        "url": "https://git.citron-emu.org/Citron/Emulator.git"
      },
      "original": {
        "submodules": true,
        "type": "git",
        "url": "https://git.citron-emu.org/Citron/Emulator.git"
      }
    },
    "nixpkgs": {
      "locked": {
        "lastModified": 1766902085,
        "narHash": "sha256-coBu0ONtFzlwwVBzmjacUQwj3G+lybcZ1oeNSQkgC0M=",
        "owner": "NixOS",
        "repo": "nixpkgs",
        "rev": "c0b0e0fddf73fd517c3471e546c0df87a42d53f4",
        "type": "github"
      },
      "original": {
        "owner": "NixOS",
        "ref": "nixos-unstable",
        "repo": "nixpkgs",
        "type": "github"
      }
    },
    "nx-tzdb": {
      "flake": false,
      "locked": {
        "lastModified": 1697056572,
        "narHash": "sha256-YOIElcKTiclem05trZsA3YJReozu/ex7jJAKD6nAMwc=",
        "type": "tarball",
        "url": "https://github.com/lat9nq/tzdb_to_nx/releases/download/221202/221202.zip"
      },
      "original": {
        "type": "tarball",
        "url": "https://github.com/lat9nq/tzdb_to_nx/releases/download/221202/221202.zip"
      }
    },
    "root": {
      "inputs": {
        "citron-src": "citron-src",
        "nixpkgs": "nixpkgs",
        "nx-tzdb": "nx-tzdb"
      }
    }
  },
  "root": "root",
  "version": 7
}
